// !$*UTF8*$!
{
	archiveVersion = 1;
	classes = {
	};
	objectVersion = 50;
	objects = {

/* Begin PBXBuildFile section */
		3F3948F7085E458CD0ECFE06 /* Pods_uol_beer_appTests.framework in Frameworks */ = {isa = PBXBuildFile; fileRef = D7B924287DED640095A2FA02 /* Pods_uol_beer_appTests.framework */; };
		4B032285225FF8130033D076 /* AppDelegate.swift in Sources */ = {isa = PBXBuildFile; fileRef = 4B032284225FF8130033D076 /* AppDelegate.swift */; };
		4B03228A225FF8130033D076 /* Main.storyboard in Resources */ = {isa = PBXBuildFile; fileRef = 4B032288225FF8130033D076 /* Main.storyboard */; };
		4B03228C225FF8130033D076 /* Assets.xcassets in Resources */ = {isa = PBXBuildFile; fileRef = 4B03228B225FF8130033D076 /* Assets.xcassets */; };
		4B03228F225FF8130033D076 /* LaunchScreen.storyboard in Resources */ = {isa = PBXBuildFile; fileRef = 4B03228D225FF8130033D076 /* LaunchScreen.storyboard */; };
		4B0322B0225FFF4F0033D076 /* BeerListPresenter.swift in Sources */ = {isa = PBXBuildFile; fileRef = 4B0322AA225FFF4F0033D076 /* BeerListPresenter.swift */; };
		4B0322B1225FFF4F0033D076 /* BeerListWorker.swift in Sources */ = {isa = PBXBuildFile; fileRef = 4B0322AB225FFF4F0033D076 /* BeerListWorker.swift */; };
		4B0322B2225FFF4F0033D076 /* BeerListRouter.swift in Sources */ = {isa = PBXBuildFile; fileRef = 4B0322AC225FFF4F0033D076 /* BeerListRouter.swift */; };
		4B0322B3225FFF4F0033D076 /* BeerListModels.swift in Sources */ = {isa = PBXBuildFile; fileRef = 4B0322AD225FFF4F0033D076 /* BeerListModels.swift */; };
		4B0322B4225FFF4F0033D076 /* BeerListViewController.swift in Sources */ = {isa = PBXBuildFile; fileRef = 4B0322AE225FFF4F0033D076 /* BeerListViewController.swift */; };
		4B0322B5225FFF4F0033D076 /* BeerListInteractor.swift in Sources */ = {isa = PBXBuildFile; fileRef = 4B0322AF225FFF4F0033D076 /* BeerListInteractor.swift */; };
		4B0322BC226000180033D076 /* BeerDetailsPresenter.swift in Sources */ = {isa = PBXBuildFile; fileRef = 4B0322B6226000180033D076 /* BeerDetailsPresenter.swift */; };
		4B0322BD226000180033D076 /* BeerDetailsWorker.swift in Sources */ = {isa = PBXBuildFile; fileRef = 4B0322B7226000180033D076 /* BeerDetailsWorker.swift */; };
		4B0322BE226000180033D076 /* BeerDetailsRouter.swift in Sources */ = {isa = PBXBuildFile; fileRef = 4B0322B8226000180033D076 /* BeerDetailsRouter.swift */; };
		4B0322BF226000180033D076 /* BeerDetailsModels.swift in Sources */ = {isa = PBXBuildFile; fileRef = 4B0322B9226000180033D076 /* BeerDetailsModels.swift */; };
		4B0322C0226000180033D076 /* BeerDetailsViewController.swift in Sources */ = {isa = PBXBuildFile; fileRef = 4B0322BA226000180033D076 /* BeerDetailsViewController.swift */; };
		4B0322C1226000180033D076 /* BeerDetailsInteractor.swift in Sources */ = {isa = PBXBuildFile; fileRef = 4B0322BB226000180033D076 /* BeerDetailsInteractor.swift */; };
		4B0322C5226003EF0033D076 /* Beer.swift in Sources */ = {isa = PBXBuildFile; fileRef = 4B0322C4226003EF0033D076 /* Beer.swift */; };
		4B0322C7226005020033D076 /* APIClient.swift in Sources */ = {isa = PBXBuildFile; fileRef = 4B0322C6226005020033D076 /* APIClient.swift */; };
		4B0322CB2260058A0033D076 /* Data+Decodable.swift in Sources */ = {isa = PBXBuildFile; fileRef = 4B0322CA2260058A0033D076 /* Data+Decodable.swift */; };
		4B0322D02260063B0033D076 /* BeerAPIDataSource.swift in Sources */ = {isa = PBXBuildFile; fileRef = 4B0322CF2260063B0033D076 /* BeerAPIDataSource.swift */; };
		4B0322D3226006DA0033D076 /* BeerAPI.swift in Sources */ = {isa = PBXBuildFile; fileRef = 4B0322D2226006DA0033D076 /* BeerAPI.swift */; };
		4B0322D8226016B10033D076 /* BeerCell.swift in Sources */ = {isa = PBXBuildFile; fileRef = 4B0322D6226016B10033D076 /* BeerCell.swift */; };
		4B0322D9226016B10033D076 /* BeerCell.xib in Resources */ = {isa = PBXBuildFile; fileRef = 4B0322D7226016B10033D076 /* BeerCell.xib */; };
		4B0322DB226017D30033D076 /* BeerListViewController+CollectionView.swift in Sources */ = {isa = PBXBuildFile; fileRef = 4B0322DA226017D30033D076 /* BeerListViewController+CollectionView.swift */; };
		4B0322DE22601B8B0033D076 /* SectionBase.swift in Sources */ = {isa = PBXBuildFile; fileRef = 4B0322DD22601B8B0033D076 /* SectionBase.swift */; };
		4B0322E022601BAB0033D076 /* BaseCollectionViewCell.swift in Sources */ = {isa = PBXBuildFile; fileRef = 4B0322DF22601BAB0033D076 /* BaseCollectionViewCell.swift */; };
		4B0322E222601C010033D076 /* CellViewModel.swift in Sources */ = {isa = PBXBuildFile; fileRef = 4B0322E122601C010033D076 /* CellViewModel.swift */; };
		4B0322E522601C7B0033D076 /* BeerSection.swift in Sources */ = {isa = PBXBuildFile; fileRef = 4B0322E422601C7B0033D076 /* BeerSection.swift */; };
		4B08D5B822613E2D00844722 /* UIView+BorderAndShadow.swift in Sources */ = {isa = PBXBuildFile; fileRef = 4B08D5B722613E2D00844722 /* UIView+BorderAndShadow.swift */; };
		4B08D5BB226144A900844722 /* GeneratedMocks.swift in Sources */ = {isa = PBXBuildFile; fileRef = 4B08D5BA226144A900844722 /* GeneratedMocks.swift */; };
		4B08D5C32261459200844722 /* BeerListInteractorTests.swift in Sources */ = {isa = PBXBuildFile; fileRef = 4B08D5BF2261459200844722 /* BeerListInteractorTests.swift */; };
		4B08D5C52261459200844722 /* BeerListPresenterTests.swift in Sources */ = {isa = PBXBuildFile; fileRef = 4B08D5C12261459200844722 /* BeerListPresenterTests.swift */; };
		4B08D5C82261463C00844722 /* BeerAPIMock.swift in Sources */ = {isa = PBXBuildFile; fileRef = 4B08D5C72261463C00844722 /* BeerAPIMock.swift */; };
		4B08D5CB226155F000844722 /* BeerDetailsInteractorTests.swift in Sources */ = {isa = PBXBuildFile; fileRef = 4B08D5CA226155F000844722 /* BeerDetailsInteractorTests.swift */; };
		4B08D5CD2261576100844722 /* BeerDetailsPresenterTests.swift in Sources */ = {isa = PBXBuildFile; fileRef = 4B08D5CC2261576100844722 /* BeerDetailsPresenterTests.swift */; };
		4BFF19E522603F6E003B6E68 /* BaseDisplayLogic.swift in Sources */ = {isa = PBXBuildFile; fileRef = 4BFF19E422603F6E003B6E68 /* BaseDisplayLogic.swift */; };
		4F2688D1C0B46844B7B550A6 /* Pods_uol_beer_app.framework in Frameworks */ = {isa = PBXBuildFile; fileRef = B1E17AE5FE61418AFF9CDB6F /* Pods_uol_beer_app.framework */; };
/* End PBXBuildFile section */

/* Begin PBXContainerItemProxy section */
		4B032296225FF8140033D076 /* PBXContainerItemProxy */ = {
			isa = PBXContainerItemProxy;
			containerPortal = 4B032279225FF8130033D076 /* Project object */;
			proxyType = 1;
			remoteGlobalIDString = 4B032280225FF8130033D076;
			remoteInfo = "uol-beer-app";
		};
/* End PBXContainerItemProxy section */

/* Begin PBXFileReference section */
		2DF47A7A641E4777D47E1F3C /* Pods-uol-beer-app.debug.xcconfig */ = {isa = PBXFileReference; includeInIndex = 1; lastKnownFileType = text.xcconfig; name = "Pods-uol-beer-app.debug.xcconfig"; path = "Pods/Target Support Files/Pods-uol-beer-app/Pods-uol-beer-app.debug.xcconfig"; sourceTree = "<group>"; };
		47183577203F30D8D092C4B8 /* Pods-uol-beer-appTests.release.xcconfig */ = {isa = PBXFileReference; includeInIndex = 1; lastKnownFileType = text.xcconfig; name = "Pods-uol-beer-appTests.release.xcconfig"; path = "Pods/Target Support Files/Pods-uol-beer-appTests/Pods-uol-beer-appTests.release.xcconfig"; sourceTree = "<group>"; };
		4B032281225FF8130033D076 /* uol-beer-app.app */ = {isa = PBXFileReference; explicitFileType = wrapper.application; includeInIndex = 0; path = "uol-beer-app.app"; sourceTree = BUILT_PRODUCTS_DIR; };
		4B032284225FF8130033D076 /* AppDelegate.swift */ = {isa = PBXFileReference; lastKnownFileType = sourcecode.swift; path = AppDelegate.swift; sourceTree = "<group>"; };
		4B032289225FF8130033D076 /* Base */ = {isa = PBXFileReference; lastKnownFileType = file.storyboard; name = Base; path = Base.lproj/Main.storyboard; sourceTree = "<group>"; };
		4B03228B225FF8130033D076 /* Assets.xcassets */ = {isa = PBXFileReference; lastKnownFileType = folder.assetcatalog; path = Assets.xcassets; sourceTree = "<group>"; };
		4B03228E225FF8130033D076 /* Base */ = {isa = PBXFileReference; lastKnownFileType = file.storyboard; name = Base; path = Base.lproj/LaunchScreen.storyboard; sourceTree = "<group>"; };
		4B032290225FF8130033D076 /* Info.plist */ = {isa = PBXFileReference; lastKnownFileType = text.plist.xml; path = Info.plist; sourceTree = "<group>"; };
		4B032295225FF8140033D076 /* uol-beer-appTests.xctest */ = {isa = PBXFileReference; explicitFileType = wrapper.cfbundle; includeInIndex = 0; path = "uol-beer-appTests.xctest"; sourceTree = BUILT_PRODUCTS_DIR; };
		4B03229B225FF8140033D076 /* Info.plist */ = {isa = PBXFileReference; lastKnownFileType = text.plist.xml; path = Info.plist; sourceTree = "<group>"; };
		4B0322AA225FFF4F0033D076 /* BeerListPresenter.swift */ = {isa = PBXFileReference; lastKnownFileType = sourcecode.swift; path = BeerListPresenter.swift; sourceTree = "<group>"; };
		4B0322AB225FFF4F0033D076 /* BeerListWorker.swift */ = {isa = PBXFileReference; lastKnownFileType = sourcecode.swift; path = BeerListWorker.swift; sourceTree = "<group>"; };
		4B0322AC225FFF4F0033D076 /* BeerListRouter.swift */ = {isa = PBXFileReference; lastKnownFileType = sourcecode.swift; path = BeerListRouter.swift; sourceTree = "<group>"; };
		4B0322AD225FFF4F0033D076 /* BeerListModels.swift */ = {isa = PBXFileReference; lastKnownFileType = sourcecode.swift; path = BeerListModels.swift; sourceTree = "<group>"; };
		4B0322AE225FFF4F0033D076 /* BeerListViewController.swift */ = {isa = PBXFileReference; lastKnownFileType = sourcecode.swift; path = BeerListViewController.swift; sourceTree = "<group>"; };
		4B0322AF225FFF4F0033D076 /* BeerListInteractor.swift */ = {isa = PBXFileReference; lastKnownFileType = sourcecode.swift; path = BeerListInteractor.swift; sourceTree = "<group>"; };
		4B0322B6226000180033D076 /* BeerDetailsPresenter.swift */ = {isa = PBXFileReference; lastKnownFileType = sourcecode.swift; path = BeerDetailsPresenter.swift; sourceTree = "<group>"; };
		4B0322B7226000180033D076 /* BeerDetailsWorker.swift */ = {isa = PBXFileReference; lastKnownFileType = sourcecode.swift; path = BeerDetailsWorker.swift; sourceTree = "<group>"; };
		4B0322B8226000180033D076 /* BeerDetailsRouter.swift */ = {isa = PBXFileReference; lastKnownFileType = sourcecode.swift; path = BeerDetailsRouter.swift; sourceTree = "<group>"; };
		4B0322B9226000180033D076 /* BeerDetailsModels.swift */ = {isa = PBXFileReference; lastKnownFileType = sourcecode.swift; path = BeerDetailsModels.swift; sourceTree = "<group>"; };
		4B0322BA226000180033D076 /* BeerDetailsViewController.swift */ = {isa = PBXFileReference; lastKnownFileType = sourcecode.swift; path = BeerDetailsViewController.swift; sourceTree = "<group>"; };
		4B0322BB226000180033D076 /* BeerDetailsInteractor.swift */ = {isa = PBXFileReference; lastKnownFileType = sourcecode.swift; path = BeerDetailsInteractor.swift; sourceTree = "<group>"; };
		4B0322C4226003EF0033D076 /* Beer.swift */ = {isa = PBXFileReference; lastKnownFileType = sourcecode.swift; path = Beer.swift; sourceTree = "<group>"; };
		4B0322C6226005020033D076 /* APIClient.swift */ = {isa = PBXFileReference; lastKnownFileType = sourcecode.swift; path = APIClient.swift; sourceTree = "<group>"; };
		4B0322CA2260058A0033D076 /* Data+Decodable.swift */ = {isa = PBXFileReference; lastKnownFileType = sourcecode.swift; path = "Data+Decodable.swift"; sourceTree = "<group>"; };
		4B0322CF2260063B0033D076 /* BeerAPIDataSource.swift */ = {isa = PBXFileReference; lastKnownFileType = sourcecode.swift; path = BeerAPIDataSource.swift; sourceTree = "<group>"; };
		4B0322D2226006DA0033D076 /* BeerAPI.swift */ = {isa = PBXFileReference; lastKnownFileType = sourcecode.swift; path = BeerAPI.swift; sourceTree = "<group>"; };
		4B0322D6226016B10033D076 /* BeerCell.swift */ = {isa = PBXFileReference; lastKnownFileType = sourcecode.swift; path = BeerCell.swift; sourceTree = "<group>"; };
		4B0322D7226016B10033D076 /* BeerCell.xib */ = {isa = PBXFileReference; lastKnownFileType = file.xib; path = BeerCell.xib; sourceTree = "<group>"; };
		4B0322DA226017D30033D076 /* BeerListViewController+CollectionView.swift */ = {isa = PBXFileReference; lastKnownFileType = sourcecode.swift; path = "BeerListViewController+CollectionView.swift"; sourceTree = "<group>"; };
		4B0322DD22601B8B0033D076 /* SectionBase.swift */ = {isa = PBXFileReference; lastKnownFileType = sourcecode.swift; path = SectionBase.swift; sourceTree = "<group>"; };
		4B0322DF22601BAB0033D076 /* BaseCollectionViewCell.swift */ = {isa = PBXFileReference; lastKnownFileType = sourcecode.swift; path = BaseCollectionViewCell.swift; sourceTree = "<group>"; };
		4B0322E122601C010033D076 /* CellViewModel.swift */ = {isa = PBXFileReference; lastKnownFileType = sourcecode.swift; path = CellViewModel.swift; sourceTree = "<group>"; };
		4B0322E422601C7B0033D076 /* BeerSection.swift */ = {isa = PBXFileReference; lastKnownFileType = sourcecode.swift; path = BeerSection.swift; sourceTree = "<group>"; };
		4B08D5B722613E2D00844722 /* UIView+BorderAndShadow.swift */ = {isa = PBXFileReference; lastKnownFileType = sourcecode.swift; path = "UIView+BorderAndShadow.swift"; sourceTree = "<group>"; };
		4B08D5BA226144A900844722 /* GeneratedMocks.swift */ = {isa = PBXFileReference; fileEncoding = 4; lastKnownFileType = sourcecode.swift; path = GeneratedMocks.swift; sourceTree = "<group>"; };
		4B08D5BF2261459200844722 /* BeerListInteractorTests.swift */ = {isa = PBXFileReference; lastKnownFileType = sourcecode.swift; path = BeerListInteractorTests.swift; sourceTree = "<group>"; };
		4B08D5C12261459200844722 /* BeerListPresenterTests.swift */ = {isa = PBXFileReference; lastKnownFileType = sourcecode.swift; path = BeerListPresenterTests.swift; sourceTree = "<group>"; };
		4B08D5C72261463C00844722 /* BeerAPIMock.swift */ = {isa = PBXFileReference; lastKnownFileType = sourcecode.swift; path = BeerAPIMock.swift; sourceTree = "<group>"; };
		4B08D5CA226155F000844722 /* BeerDetailsInteractorTests.swift */ = {isa = PBXFileReference; lastKnownFileType = sourcecode.swift; path = BeerDetailsInteractorTests.swift; sourceTree = "<group>"; };
		4B08D5CC2261576100844722 /* BeerDetailsPresenterTests.swift */ = {isa = PBXFileReference; lastKnownFileType = sourcecode.swift; path = BeerDetailsPresenterTests.swift; sourceTree = "<group>"; };
		4BFF19E422603F6E003B6E68 /* BaseDisplayLogic.swift */ = {isa = PBXFileReference; lastKnownFileType = sourcecode.swift; path = BaseDisplayLogic.swift; sourceTree = "<group>"; };
		608470FFA8C92E8FC0BC7D64 /* Pods-uol-beer-appTests.debug.xcconfig */ = {isa = PBXFileReference; includeInIndex = 1; lastKnownFileType = text.xcconfig; name = "Pods-uol-beer-appTests.debug.xcconfig"; path = "Pods/Target Support Files/Pods-uol-beer-appTests/Pods-uol-beer-appTests.debug.xcconfig"; sourceTree = "<group>"; };
		74D3F62D2554EDB484426BED /* Pods-uol-beer-app.release.xcconfig */ = {isa = PBXFileReference; includeInIndex = 1; lastKnownFileType = text.xcconfig; name = "Pods-uol-beer-app.release.xcconfig"; path = "Pods/Target Support Files/Pods-uol-beer-app/Pods-uol-beer-app.release.xcconfig"; sourceTree = "<group>"; };
		B1E17AE5FE61418AFF9CDB6F /* Pods_uol_beer_app.framework */ = {isa = PBXFileReference; explicitFileType = wrapper.framework; includeInIndex = 0; path = Pods_uol_beer_app.framework; sourceTree = BUILT_PRODUCTS_DIR; };
		D7B924287DED640095A2FA02 /* Pods_uol_beer_appTests.framework */ = {isa = PBXFileReference; explicitFileType = wrapper.framework; includeInIndex = 0; path = Pods_uol_beer_appTests.framework; sourceTree = BUILT_PRODUCTS_DIR; };
/* End PBXFileReference section */

/* Begin PBXFrameworksBuildPhase section */
		4B03227E225FF8130033D076 /* Frameworks */ = {
			isa = PBXFrameworksBuildPhase;
			buildActionMask = 2147483647;
			files = (
				4F2688D1C0B46844B7B550A6 /* Pods_uol_beer_app.framework in Frameworks */,
			);
			runOnlyForDeploymentPostprocessing = 0;
		};
		4B032292225FF8140033D076 /* Frameworks */ = {
			isa = PBXFrameworksBuildPhase;
			buildActionMask = 2147483647;
			files = (
				3F3948F7085E458CD0ECFE06 /* Pods_uol_beer_appTests.framework in Frameworks */,
			);
			runOnlyForDeploymentPostprocessing = 0;
		};
/* End PBXFrameworksBuildPhase section */

/* Begin PBXGroup section */
		4B032278225FF8130033D076 = {
			isa = PBXGroup;
			children = (
				4B032283225FF8130033D076 /* uol-beer-app */,
				4B032298225FF8140033D076 /* uol-beer-appTests */,
				4B032282225FF8130033D076 /* Products */,
				7F345E1DC1B14DE48A6E1E4D /* Pods */,
				72A6F11A88D2FEA90D2A3F67 /* Frameworks */,
			);
			sourceTree = "<group>";
		};
		4B032282225FF8130033D076 /* Products */ = {
			isa = PBXGroup;
			children = (
				4B032281225FF8130033D076 /* uol-beer-app.app */,
				4B032295225FF8140033D076 /* uol-beer-appTests.xctest */,
			);
			name = Products;
			sourceTree = "<group>";
		};
		4B032283225FF8130033D076 /* uol-beer-app */ = {
			isa = PBXGroup;
			children = (
				4B0322C2226003540033D076 /* Services */,
				4B0322C3226003C20033D076 /* Models */,
				4B0322A7225FFF2B0033D076 /* Scenes */,
				4B0322D4226016920033D076 /* Views */,
				4B0322A5225FFBD20033D076 /* Storyboards */,
				4B0322DC22601B750033D076 /* Commons */,
				4B0322C8226005760033D076 /* Utils */,
				4B0322A6225FFBDB0033D076 /* Resources */,
				4B0322A4225FFBBA0033D076 /* Supporting Files */,
			);
			path = "uol-beer-app";
			sourceTree = "<group>";
		};
		4B032298225FF8140033D076 /* uol-beer-appTests */ = {
			isa = PBXGroup;
			children = (
				4B08D5BA226144A900844722 /* GeneratedMocks.swift */,
				4B08D5C62261462A00844722 /* Mocks */,
				4B08D5BC2261457100844722 /* Scenes */,
				4B03229B225FF8140033D076 /* Info.plist */,
			);
			path = "uol-beer-appTests";
			sourceTree = "<group>";
		};
		4B0322A4225FFBBA0033D076 /* Supporting Files */ = {
			isa = PBXGroup;
			children = (
				4B032284225FF8130033D076 /* AppDelegate.swift */,
				4B032290225FF8130033D076 /* Info.plist */,
			);
			path = "Supporting Files";
			sourceTree = "<group>";
		};
		4B0322A5225FFBD20033D076 /* Storyboards */ = {
			isa = PBXGroup;
			children = (
				4B032288225FF8130033D076 /* Main.storyboard */,
				4B03228D225FF8130033D076 /* LaunchScreen.storyboard */,
			);
			path = Storyboards;
			sourceTree = "<group>";
		};
		4B0322A6225FFBDB0033D076 /* Resources */ = {
			isa = PBXGroup;
			children = (
				4B03228B225FF8130033D076 /* Assets.xcassets */,
			);
			path = Resources;
			sourceTree = "<group>";
		};
		4B0322A7225FFF2B0033D076 /* Scenes */ = {
			isa = PBXGroup;
			children = (
				4B0322A8225FFF360033D076 /* List */,
				4B0322A9225FFF390033D076 /* Details */,
			);
			path = Scenes;
			sourceTree = "<group>";
		};
		4B0322A8225FFF360033D076 /* List */ = {
			isa = PBXGroup;
			children = (
				4B0322AA225FFF4F0033D076 /* BeerListPresenter.swift */,
				4B0322AB225FFF4F0033D076 /* BeerListWorker.swift */,
				4B0322AC225FFF4F0033D076 /* BeerListRouter.swift */,
				4B0322AD225FFF4F0033D076 /* BeerListModels.swift */,
				4B0322AE225FFF4F0033D076 /* BeerListViewController.swift */,
				4B0322DA226017D30033D076 /* BeerListViewController+CollectionView.swift */,
				4B0322AF225FFF4F0033D076 /* BeerListInteractor.swift */,
				4B0322E322601C5C0033D076 /* Cell Sections */,
			);
			path = List;
			sourceTree = "<group>";
		};
		4B0322A9225FFF390033D076 /* Details */ = {
			isa = PBXGroup;
			children = (
				4B0322B6226000180033D076 /* BeerDetailsPresenter.swift */,
				4B0322B7226000180033D076 /* BeerDetailsWorker.swift */,
				4B0322B8226000180033D076 /* BeerDetailsRouter.swift */,
				4B0322B9226000180033D076 /* BeerDetailsModels.swift */,
				4B0322BA226000180033D076 /* BeerDetailsViewController.swift */,
				4B0322BB226000180033D076 /* BeerDetailsInteractor.swift */,
			);
			path = Details;
			sourceTree = "<group>";
		};
		4B0322C2226003540033D076 /* Services */ = {
			isa = PBXGroup;
			children = (
				4B0322D1226006D30033D076 /* API */,
				4B0322CC226006140033D076 /* DataSources */,
				4B0322C6226005020033D076 /* APIClient.swift */,
			);
			path = Services;
			sourceTree = "<group>";
		};
		4B0322C3226003C20033D076 /* Models */ = {
			isa = PBXGroup;
			children = (
				4B0322C4226003EF0033D076 /* Beer.swift */,
			);
			path = Models;
			sourceTree = "<group>";
		};
		4B0322C8226005760033D076 /* Utils */ = {
			isa = PBXGroup;
			children = (
				4B0322C92260057F0033D076 /* Extensions */,
			);
			path = Utils;
			sourceTree = "<group>";
		};
		4B0322C92260057F0033D076 /* Extensions */ = {
			isa = PBXGroup;
			children = (
				4B0322CA2260058A0033D076 /* Data+Decodable.swift */,
				4B08D5B722613E2D00844722 /* UIView+BorderAndShadow.swift */,
			);
			path = Extensions;
			sourceTree = "<group>";
		};
		4B0322CC226006140033D076 /* DataSources */ = {
			isa = PBXGroup;
			children = (
				4B0322CF2260063B0033D076 /* BeerAPIDataSource.swift */,
			);
			path = DataSources;
			sourceTree = "<group>";
		};
		4B0322D1226006D30033D076 /* API */ = {
			isa = PBXGroup;
			children = (
				4B0322D2226006DA0033D076 /* BeerAPI.swift */,
			);
			path = API;
			sourceTree = "<group>";
		};
		4B0322D4226016920033D076 /* Views */ = {
			isa = PBXGroup;
			children = (
				4B0322D52260169B0033D076 /* Cells */,
			);
			path = Views;
			sourceTree = "<group>";
		};
		4B0322D52260169B0033D076 /* Cells */ = {
			isa = PBXGroup;
			children = (
				4B0322D6226016B10033D076 /* BeerCell.swift */,
				4B0322D7226016B10033D076 /* BeerCell.xib */,
			);
			path = Cells;
			sourceTree = "<group>";
		};
		4B0322DC22601B750033D076 /* Commons */ = {
			isa = PBXGroup;
			children = (
				4B0322DD22601B8B0033D076 /* SectionBase.swift */,
				4B0322DF22601BAB0033D076 /* BaseCollectionViewCell.swift */,
				4B0322E122601C010033D076 /* CellViewModel.swift */,
				4BFF19E422603F6E003B6E68 /* BaseDisplayLogic.swift */,
			);
			path = Commons;
			sourceTree = "<group>";
		};
		4B0322E322601C5C0033D076 /* Cell Sections */ = {
			isa = PBXGroup;
			children = (
				4B0322E422601C7B0033D076 /* BeerSection.swift */,
			);
			path = "Cell Sections";
			sourceTree = "<group>";
		};
		4B08D5BC2261457100844722 /* Scenes */ = {
			isa = PBXGroup;
			children = (
				4B08D5BD2261457E00844722 /* List */,
				4B08D5C9226155D900844722 /* Details */,
			);
			path = Scenes;
			sourceTree = "<group>";
		};
		4B08D5BD2261457E00844722 /* List */ = {
			isa = PBXGroup;
			children = (
				4B08D5BF2261459200844722 /* BeerListInteractorTests.swift */,
				4B08D5C12261459200844722 /* BeerListPresenterTests.swift */,
			);
			path = List;
			sourceTree = "<group>";
		};
		4B08D5C62261462A00844722 /* Mocks */ = {
			isa = PBXGroup;
			children = (
				4B08D5C72261463C00844722 /* BeerAPIMock.swift */,
			);
			path = Mocks;
			sourceTree = "<group>";
		};
		4B08D5C9226155D900844722 /* Details */ = {
			isa = PBXGroup;
			children = (
				4B08D5CA226155F000844722 /* BeerDetailsInteractorTests.swift */,
				4B08D5CC2261576100844722 /* BeerDetailsPresenterTests.swift */,
			);
			path = Details;
			sourceTree = "<group>";
		};
		72A6F11A88D2FEA90D2A3F67 /* Frameworks */ = {
			isa = PBXGroup;
			children = (
				B1E17AE5FE61418AFF9CDB6F /* Pods_uol_beer_app.framework */,
				D7B924287DED640095A2FA02 /* Pods_uol_beer_appTests.framework */,
			);
			name = Frameworks;
			sourceTree = "<group>";
		};
		7F345E1DC1B14DE48A6E1E4D /* Pods */ = {
			isa = PBXGroup;
			children = (
				2DF47A7A641E4777D47E1F3C /* Pods-uol-beer-app.debug.xcconfig */,
				74D3F62D2554EDB484426BED /* Pods-uol-beer-app.release.xcconfig */,
				608470FFA8C92E8FC0BC7D64 /* Pods-uol-beer-appTests.debug.xcconfig */,
				47183577203F30D8D092C4B8 /* Pods-uol-beer-appTests.release.xcconfig */,
			);
			name = Pods;
			sourceTree = "<group>";
		};
/* End PBXGroup section */

/* Begin PBXNativeTarget section */
		4B032280225FF8130033D076 /* uol-beer-app */ = {
			isa = PBXNativeTarget;
			buildConfigurationList = 4B03229E225FF8140033D076 /* Build configuration list for PBXNativeTarget "uol-beer-app" */;
			buildPhases = (
				444E8FED72DBC16F87D7BE8E /* [CP] Check Pods Manifest.lock */,
				4B08D5B9226143D700844722 /* CUCKOO */,
				4B03227D225FF8130033D076 /* Sources */,
				4B03227E225FF8130033D076 /* Frameworks */,
				4B03227F225FF8130033D076 /* Resources */,
				F7AC984014DB9F9DAE5351C9 /* [CP] Embed Pods Frameworks */,
			);
			buildRules = (
			);
			dependencies = (
			);
			name = "uol-beer-app";
			productName = "uol-beer-app";
			productReference = 4B032281225FF8130033D076 /* uol-beer-app.app */;
			productType = "com.apple.product-type.application";
		};
		4B032294225FF8140033D076 /* uol-beer-appTests */ = {
			isa = PBXNativeTarget;
			buildConfigurationList = 4B0322A1225FF8140033D076 /* Build configuration list for PBXNativeTarget "uol-beer-appTests" */;
			buildPhases = (
				7239E6A2812BD089CF4749FA /* [CP] Check Pods Manifest.lock */,
				4B032291225FF8140033D076 /* Sources */,
				4B032292225FF8140033D076 /* Frameworks */,
				4B032293225FF8140033D076 /* Resources */,
				5D30BED998A9F993CFBA4F91 /* [CP] Embed Pods Frameworks */,
			);
			buildRules = (
			);
			dependencies = (
				4B032297225FF8140033D076 /* PBXTargetDependency */,
			);
			name = "uol-beer-appTests";
			productName = "uol-beer-appTests";
			productReference = 4B032295225FF8140033D076 /* uol-beer-appTests.xctest */;
			productType = "com.apple.product-type.bundle.unit-test";
		};
/* End PBXNativeTarget section */

/* Begin PBXProject section */
		4B032279225FF8130033D076 /* Project object */ = {
			isa = PBXProject;
			attributes = {
				LastSwiftUpdateCheck = 1020;
				LastUpgradeCheck = 1020;
				ORGANIZATIONNAME = "Paulo Lourenço";
				TargetAttributes = {
					4B032280225FF8130033D076 = {
						CreatedOnToolsVersion = 10.2;
					};
					4B032294225FF8140033D076 = {
						CreatedOnToolsVersion = 10.2;
						TestTargetID = 4B032280225FF8130033D076;
					};
				};
			};
			buildConfigurationList = 4B03227C225FF8130033D076 /* Build configuration list for PBXProject "uol-beer-app" */;
			compatibilityVersion = "Xcode 9.3";
			developmentRegion = en;
			hasScannedForEncodings = 0;
			knownRegions = (
				en,
				Base,
			);
			mainGroup = 4B032278225FF8130033D076;
			productRefGroup = 4B032282225FF8130033D076 /* Products */;
			projectDirPath = "";
			projectRoot = "";
			targets = (
				4B032280225FF8130033D076 /* uol-beer-app */,
				4B032294225FF8140033D076 /* uol-beer-appTests */,
			);
		};
/* End PBXProject section */

/* Begin PBXResourcesBuildPhase section */
		4B03227F225FF8130033D076 /* Resources */ = {
			isa = PBXResourcesBuildPhase;
			buildActionMask = 2147483647;
			files = (
				4B03228F225FF8130033D076 /* LaunchScreen.storyboard in Resources */,
				4B03228C225FF8130033D076 /* Assets.xcassets in Resources */,
				4B03228A225FF8130033D076 /* Main.storyboard in Resources */,
				4B0322D9226016B10033D076 /* BeerCell.xib in Resources */,
			);
			runOnlyForDeploymentPostprocessing = 0;
		};
		4B032293225FF8140033D076 /* Resources */ = {
			isa = PBXResourcesBuildPhase;
			buildActionMask = 2147483647;
			files = (
			);
			runOnlyForDeploymentPostprocessing = 0;
		};
/* End PBXResourcesBuildPhase section */

/* Begin PBXShellScriptBuildPhase section */
		444E8FED72DBC16F87D7BE8E /* [CP] Check Pods Manifest.lock */ = {
			isa = PBXShellScriptBuildPhase;
			buildActionMask = 2147483647;
			files = (
			);
			inputFileListPaths = (
			);
			inputPaths = (
				"${PODS_PODFILE_DIR_PATH}/Podfile.lock",
				"${PODS_ROOT}/Manifest.lock",
			);
			name = "[CP] Check Pods Manifest.lock";
			outputFileListPaths = (
			);
			outputPaths = (
				"$(DERIVED_FILE_DIR)/Pods-uol-beer-app-checkManifestLockResult.txt",
			);
			runOnlyForDeploymentPostprocessing = 0;
			shellPath = /bin/sh;
			shellScript = "diff \"${PODS_PODFILE_DIR_PATH}/Podfile.lock\" \"${PODS_ROOT}/Manifest.lock\" > /dev/null\nif [ $? != 0 ] ; then\n    # print error to STDERR\n    echo \"error: The sandbox is not in sync with the Podfile.lock. Run 'pod install' or update your CocoaPods installation.\" >&2\n    exit 1\nfi\n# This output is used by Xcode 'outputs' to avoid re-running this script phase.\necho \"SUCCESS\" > \"${SCRIPT_OUTPUT_FILE_0}\"\n";
			showEnvVarsInLog = 0;
		};
		4B08D5B9226143D700844722 /* CUCKOO */ = {
			isa = PBXShellScriptBuildPhase;
			buildActionMask = 2147483647;
			files = (
			);
			inputFileListPaths = (
			);
			inputPaths = (
			);
			name = CUCKOO;
			outputFileListPaths = (
			);
			outputPaths = (
			);
			runOnlyForDeploymentPostprocessing = 0;
			shellPath = /bin/sh;
			shellScript = "# Define output file. Change \"${PROJECT_DIR}/${PROJECT_NAME}Tests\" to your test's root source folder, if it's not the default name.\nOUTPUT_FILE=\"${PROJECT_DIR}/${PROJECT_NAME}Tests/GeneratedMocks.swift\"\necho \"Generated Mocks File = ${OUTPUT_FILE}\"\n\n# Define input directory. Change \"${PROJECT_DIR}/${PROJECT_NAME}\" to your project's root source folder, if it's not the default name.\nINPUT_DIR=\"${PROJECT_DIR}/${PROJECT_NAME}\"\necho \"Mocks Input Directory = ${INPUT_DIR}\"\n\n# Generate mock files, include as many input files as you'd like to create mocks for.\n\"${PODS_ROOT}/Cuckoo/run\" generate --testable \"${PROJECT_NAME}\" \\\n--output \"${OUTPUT_FILE}\" \\\n\"${INPUT_DIR}/Scenes/List/BeerListPresenter.swift\" \\\n\"${INPUT_DIR}/Scenes/List/BeerListInteractor.swift\" \\\n\"${INPUT_DIR}/Scenes/List/BeerListWorker.swift\" \\\n\"${INPUT_DIR}/Scenes/Details/BeerListViewController.swift\" \\\n\"${INPUT_DIR}/Scenes/Details/BeerDetailsInteractor.swift\" \\\n\"${INPUT_DIR}/Scenes/Details/BeerDetailsPresenter.swift\" \\\n\"${INPUT_DIR}/Scenes/Details/BeerDetailsWorker.swift\" \\\n\"${INPUT_DIR}/Scenes/Details/BeerDetailsViewController.swift\"\n# ... and so forth, the last line should never end with a backslash\n\n# After running once, locate `GeneratedMocks.swift` and drag it into your Xcode test target group.\n";
		};
		5D30BED998A9F993CFBA4F91 /* [CP] Embed Pods Frameworks */ = {
			isa = PBXShellScriptBuildPhase;
			buildActionMask = 2147483647;
			files = (
			);
			inputFileListPaths = (
			);
			inputPaths = (
				"${SRCROOT}/Pods/Target Support Files/Pods-uol-beer-appTests/Pods-uol-beer-appTests-frameworks.sh",
				"${BUILT_PRODUCTS_DIR}/Cuckoo/Cuckoo.framework",
			);
			name = "[CP] Embed Pods Frameworks";
			outputFileListPaths = (
			);
			outputPaths = (
				"${TARGET_BUILD_DIR}/${FRAMEWORKS_FOLDER_PATH}/Cuckoo.framework",
			);
			runOnlyForDeploymentPostprocessing = 0;
			shellPath = /bin/sh;
			shellScript = "\"${SRCROOT}/Pods/Target Support Files/Pods-uol-beer-appTests/Pods-uol-beer-appTests-frameworks.sh\"\n";
			showEnvVarsInLog = 0;
		};
		7239E6A2812BD089CF4749FA /* [CP] Check Pods Manifest.lock */ = {
			isa = PBXShellScriptBuildPhase;
			buildActionMask = 2147483647;
			files = (
			);
			inputFileListPaths = (
			);
			inputPaths = (
				"${PODS_PODFILE_DIR_PATH}/Podfile.lock",
				"${PODS_ROOT}/Manifest.lock",
			);
			name = "[CP] Check Pods Manifest.lock";
			outputFileListPaths = (
			);
			outputPaths = (
				"$(DERIVED_FILE_DIR)/Pods-uol-beer-appTests-checkManifestLockResult.txt",
			);
			runOnlyForDeploymentPostprocessing = 0;
			shellPath = /bin/sh;
			shellScript = "diff \"${PODS_PODFILE_DIR_PATH}/Podfile.lock\" \"${PODS_ROOT}/Manifest.lock\" > /dev/null\nif [ $? != 0 ] ; then\n    # print error to STDERR\n    echo \"error: The sandbox is not in sync with the Podfile.lock. Run 'pod install' or update your CocoaPods installation.\" >&2\n    exit 1\nfi\n# This output is used by Xcode 'outputs' to avoid re-running this script phase.\necho \"SUCCESS\" > \"${SCRIPT_OUTPUT_FILE_0}\"\n";
			showEnvVarsInLog = 0;
		};
		F7AC984014DB9F9DAE5351C9 /* [CP] Embed Pods Frameworks */ = {
			isa = PBXShellScriptBuildPhase;
			buildActionMask = 2147483647;
			files = (
			);
			inputFileListPaths = (
			);
			inputPaths = (
				"${SRCROOT}/Pods/Target Support Files/Pods-uol-beer-app/Pods-uol-beer-app-frameworks.sh",
				"${BUILT_PRODUCTS_DIR}/PromiseKit/PromiseKit.framework",
				"${BUILT_PRODUCTS_DIR}/SDWebImage/SDWebImage.framework",
			);
			name = "[CP] Embed Pods Frameworks";
			outputFileListPaths = (
			);
			outputPaths = (
				"${TARGET_BUILD_DIR}/${FRAMEWORKS_FOLDER_PATH}/PromiseKit.framework",
				"${TARGET_BUILD_DIR}/${FRAMEWORKS_FOLDER_PATH}/SDWebImage.framework",
			);
			runOnlyForDeploymentPostprocessing = 0;
			shellPath = /bin/sh;
			shellScript = "\"${SRCROOT}/Pods/Target Support Files/Pods-uol-beer-app/Pods-uol-beer-app-frameworks.sh\"\n";
			showEnvVarsInLog = 0;
		};
/* End PBXShellScriptBuildPhase section */

/* Begin PBXSourcesBuildPhase section */
		4B03227D225FF8130033D076 /* Sources */ = {
			isa = PBXSourcesBuildPhase;
			buildActionMask = 2147483647;
			files = (
				4B0322B5225FFF4F0033D076 /* BeerListInteractor.swift in Sources */,
				4B0322BE226000180033D076 /* BeerDetailsRouter.swift in Sources */,
				4B0322D8226016B10033D076 /* BeerCell.swift in Sources */,
				4B0322B3225FFF4F0033D076 /* BeerListModels.swift in Sources */,
				4B0322B4225FFF4F0033D076 /* BeerListViewController.swift in Sources */,
				4B0322D02260063B0033D076 /* BeerAPIDataSource.swift in Sources */,
				4B0322B0225FFF4F0033D076 /* BeerListPresenter.swift in Sources */,
				4B0322E522601C7B0033D076 /* BeerSection.swift in Sources */,
				4B08D5B822613E2D00844722 /* UIView+BorderAndShadow.swift in Sources */,
				4B0322C5226003EF0033D076 /* Beer.swift in Sources */,
				4B0322BF226000180033D076 /* BeerDetailsModels.swift in Sources */,
				4B0322D3226006DA0033D076 /* BeerAPI.swift in Sources */,
				4B0322CB2260058A0033D076 /* Data+Decodable.swift in Sources */,
				4B032285225FF8130033D076 /* AppDelegate.swift in Sources */,
				4B0322C7226005020033D076 /* APIClient.swift in Sources */,
				4B0322B1225FFF4F0033D076 /* BeerListWorker.swift in Sources */,
				4B0322DE22601B8B0033D076 /* SectionBase.swift in Sources */,
				4B0322B2225FFF4F0033D076 /* BeerListRouter.swift in Sources */,
				4B0322BD226000180033D076 /* BeerDetailsWorker.swift in Sources */,
				4B0322C0226000180033D076 /* BeerDetailsViewController.swift in Sources */,
				4B0322E022601BAB0033D076 /* BaseCollectionViewCell.swift in Sources */,
				4B0322DB226017D30033D076 /* BeerListViewController+CollectionView.swift in Sources */,
				4B0322BC226000180033D076 /* BeerDetailsPresenter.swift in Sources */,
				4BFF19E522603F6E003B6E68 /* BaseDisplayLogic.swift in Sources */,
				4B0322E222601C010033D076 /* CellViewModel.swift in Sources */,
				4B0322C1226000180033D076 /* BeerDetailsInteractor.swift in Sources */,
			);
			runOnlyForDeploymentPostprocessing = 0;
		};
		4B032291225FF8140033D076 /* Sources */ = {
			isa = PBXSourcesBuildPhase;
			buildActionMask = 2147483647;
			files = (
				4B08D5C32261459200844722 /* BeerListInteractorTests.swift in Sources */,
				4B08D5CB226155F000844722 /* BeerDetailsInteractorTests.swift in Sources */,
				4B08D5C52261459200844722 /* BeerListPresenterTests.swift in Sources */,
				4B08D5BB226144A900844722 /* GeneratedMocks.swift in Sources */,
				4B08D5C82261463C00844722 /* BeerAPIMock.swift in Sources */,
				4B08D5CD2261576100844722 /* BeerDetailsPresenterTests.swift in Sources */,
			);
			runOnlyForDeploymentPostprocessing = 0;
		};
/* End PBXSourcesBuildPhase section */

/* Begin PBXTargetDependency section */
		4B032297225FF8140033D076 /* PBXTargetDependency */ = {
			isa = PBXTargetDependency;
			target = 4B032280225FF8130033D076 /* uol-beer-app */;
			targetProxy = 4B032296225FF8140033D076 /* PBXContainerItemProxy */;
		};
/* End PBXTargetDependency section */

/* Begin PBXVariantGroup section */
		4B032288225FF8130033D076 /* Main.storyboard */ = {
			isa = PBXVariantGroup;
			children = (
				4B032289225FF8130033D076 /* Base */,
			);
			name = Main.storyboard;
			sourceTree = "<group>";
		};
		4B03228D225FF8130033D076 /* LaunchScreen.storyboard */ = {
			isa = PBXVariantGroup;
			children = (
				4B03228E225FF8130033D076 /* Base */,
			);
			name = LaunchScreen.storyboard;
			sourceTree = "<group>";
		};
/* End PBXVariantGroup section */

/* Begin XCBuildConfiguration section */
		4B03229C225FF8140033D076 /* Debug */ = {
			isa = XCBuildConfiguration;
			buildSettings = {
				ALWAYS_SEARCH_USER_PATHS = NO;
				CLANG_ANALYZER_NONNULL = YES;
				CLANG_ANALYZER_NUMBER_OBJECT_CONVERSION = YES_AGGRESSIVE;
				CLANG_CXX_LANGUAGE_STANDARD = "gnu++14";
				CLANG_CXX_LIBRARY = "libc++";
				CLANG_ENABLE_MODULES = YES;
				CLANG_ENABLE_OBJC_ARC = YES;
				CLANG_ENABLE_OBJC_WEAK = YES;
				CLANG_WARN_BLOCK_CAPTURE_AUTORELEASING = YES;
				CLANG_WARN_BOOL_CONVERSION = YES;
				CLANG_WARN_COMMA = YES;
				CLANG_WARN_CONSTANT_CONVERSION = YES;
				CLANG_WARN_DEPRECATED_OBJC_IMPLEMENTATIONS = YES;
				CLANG_WARN_DIRECT_OBJC_ISA_USAGE = YES_ERROR;
				CLANG_WARN_DOCUMENTATION_COMMENTS = YES;
				CLANG_WARN_EMPTY_BODY = YES;
				CLANG_WARN_ENUM_CONVERSION = YES;
				CLANG_WARN_INFINITE_RECURSION = YES;
				CLANG_WARN_INT_CONVERSION = YES;
				CLANG_WARN_NON_LITERAL_NULL_CONVERSION = YES;
				CLANG_WARN_OBJC_IMPLICIT_RETAIN_SELF = YES;
				CLANG_WARN_OBJC_LITERAL_CONVERSION = YES;
				CLANG_WARN_OBJC_ROOT_CLASS = YES_ERROR;
				CLANG_WARN_RANGE_LOOP_ANALYSIS = YES;
				CLANG_WARN_STRICT_PROTOTYPES = YES;
				CLANG_WARN_SUSPICIOUS_MOVE = YES;
				CLANG_WARN_UNGUARDED_AVAILABILITY = YES_AGGRESSIVE;
				CLANG_WARN_UNREACHABLE_CODE = YES;
				CLANG_WARN__DUPLICATE_METHOD_MATCH = YES;
				CODE_SIGN_IDENTITY = "iPhone Developer";
				COPY_PHASE_STRIP = NO;
				DEBUG_INFORMATION_FORMAT = dwarf;
				ENABLE_STRICT_OBJC_MSGSEND = YES;
				ENABLE_TESTABILITY = YES;
				GCC_C_LANGUAGE_STANDARD = gnu11;
				GCC_DYNAMIC_NO_PIC = NO;
				GCC_NO_COMMON_BLOCKS = YES;
				GCC_OPTIMIZATION_LEVEL = 0;
				GCC_PREPROCESSOR_DEFINITIONS = (
					"DEBUG=1",
					"$(inherited)",
				);
				GCC_WARN_64_TO_32_BIT_CONVERSION = YES;
				GCC_WARN_ABOUT_RETURN_TYPE = YES_ERROR;
				GCC_WARN_UNDECLARED_SELECTOR = YES;
				GCC_WARN_UNINITIALIZED_AUTOS = YES_AGGRESSIVE;
				GCC_WARN_UNUSED_FUNCTION = YES;
				GCC_WARN_UNUSED_VARIABLE = YES;
				IPHONEOS_DEPLOYMENT_TARGET = 12.2;
				MTL_ENABLE_DEBUG_INFO = INCLUDE_SOURCE;
				MTL_FAST_MATH = YES;
				ONLY_ACTIVE_ARCH = YES;
				SDKROOT = iphoneos;
				SWIFT_ACTIVE_COMPILATION_CONDITIONS = DEBUG;
				SWIFT_OPTIMIZATION_LEVEL = "-Onone";
			};
			name = Debug;
		};
		4B03229D225FF8140033D076 /* Release */ = {
			isa = XCBuildConfiguration;
			buildSettings = {
				ALWAYS_SEARCH_USER_PATHS = NO;
				CLANG_ANALYZER_NONNULL = YES;
				CLANG_ANALYZER_NUMBER_OBJECT_CONVERSION = YES_AGGRESSIVE;
				CLANG_CXX_LANGUAGE_STANDARD = "gnu++14";
				CLANG_CXX_LIBRARY = "libc++";
				CLANG_ENABLE_MODULES = YES;
				CLANG_ENABLE_OBJC_ARC = YES;
				CLANG_ENABLE_OBJC_WEAK = YES;
				CLANG_WARN_BLOCK_CAPTURE_AUTORELEASING = YES;
				CLANG_WARN_BOOL_CONVERSION = YES;
				CLANG_WARN_COMMA = YES;
				CLANG_WARN_CONSTANT_CONVERSION = YES;
				CLANG_WARN_DEPRECATED_OBJC_IMPLEMENTATIONS = YES;
				CLANG_WARN_DIRECT_OBJC_ISA_USAGE = YES_ERROR;
				CLANG_WARN_DOCUMENTATION_COMMENTS = YES;
				CLANG_WARN_EMPTY_BODY = YES;
				CLANG_WARN_ENUM_CONVERSION = YES;
				CLANG_WARN_INFINITE_RECURSION = YES;
				CLANG_WARN_INT_CONVERSION = YES;
				CLANG_WARN_NON_LITERAL_NULL_CONVERSION = YES;
				CLANG_WARN_OBJC_IMPLICIT_RETAIN_SELF = YES;
				CLANG_WARN_OBJC_LITERAL_CONVERSION = YES;
				CLANG_WARN_OBJC_ROOT_CLASS = YES_ERROR;
				CLANG_WARN_RANGE_LOOP_ANALYSIS = YES;
				CLANG_WARN_STRICT_PROTOTYPES = YES;
				CLANG_WARN_SUSPICIOUS_MOVE = YES;
				CLANG_WARN_UNGUARDED_AVAILABILITY = YES_AGGRESSIVE;
				CLANG_WARN_UNREACHABLE_CODE = YES;
				CLANG_WARN__DUPLICATE_METHOD_MATCH = YES;
				CODE_SIGN_IDENTITY = "iPhone Developer";
				COPY_PHASE_STRIP = NO;
				DEBUG_INFORMATION_FORMAT = "dwarf-with-dsym";
				ENABLE_NS_ASSERTIONS = NO;
				ENABLE_STRICT_OBJC_MSGSEND = YES;
				GCC_C_LANGUAGE_STANDARD = gnu11;
				GCC_NO_COMMON_BLOCKS = YES;
				GCC_WARN_64_TO_32_BIT_CONVERSION = YES;
				GCC_WARN_ABOUT_RETURN_TYPE = YES_ERROR;
				GCC_WARN_UNDECLARED_SELECTOR = YES;
				GCC_WARN_UNINITIALIZED_AUTOS = YES_AGGRESSIVE;
				GCC_WARN_UNUSED_FUNCTION = YES;
				GCC_WARN_UNUSED_VARIABLE = YES;
				IPHONEOS_DEPLOYMENT_TARGET = 12.2;
				MTL_ENABLE_DEBUG_INFO = NO;
				MTL_FAST_MATH = YES;
				SDKROOT = iphoneos;
				SWIFT_COMPILATION_MODE = wholemodule;
				SWIFT_OPTIMIZATION_LEVEL = "-O";
				VALIDATE_PRODUCT = YES;
			};
			name = Release;
		};
		4B03229F225FF8140033D076 /* Debug */ = {
			isa = XCBuildConfiguration;
			baseConfigurationReference = 2DF47A7A641E4777D47E1F3C /* Pods-uol-beer-app.debug.xcconfig */;
			buildSettings = {
				ASSETCATALOG_COMPILER_APPICON_NAME = AppIcon;
				CODE_SIGN_STYLE = Automatic;
				DEVELOPMENT_TEAM = W8W67XPP2J;
				INFOPLIST_FILE = "$(SRCROOT)/uol-beer-app/Supporting Files/Info.plist";
				IPHONEOS_DEPLOYMENT_TARGET = 10.0;
				LD_RUNPATH_SEARCH_PATHS = (
					"$(inherited)",
					"@executable_path/Frameworks",
				);
				PRODUCT_BUNDLE_IDENTIFIER = "com.phlourenco.uol-beer-app";
				PRODUCT_NAME = "$(TARGET_NAME)";
				SWIFT_VERSION = 4.2;
				TARGETED_DEVICE_FAMILY = "1,2";
			};
			name = Debug;
		};
		4B0322A0225FF8140033D076 /* Release */ = {
			isa = XCBuildConfiguration;
			baseConfigurationReference = 74D3F62D2554EDB484426BED /* Pods-uol-beer-app.release.xcconfig */;
			buildSettings = {
				ASSETCATALOG_COMPILER_APPICON_NAME = AppIcon;
				CODE_SIGN_STYLE = Automatic;
				DEVELOPMENT_TEAM = W8W67XPP2J;
				INFOPLIST_FILE = "$(SRCROOT)/uol-beer-app/Supporting Files/Info.plist";
				IPHONEOS_DEPLOYMENT_TARGET = 10.0;
				LD_RUNPATH_SEARCH_PATHS = (
					"$(inherited)",
					"@executable_path/Frameworks",
				);
				PRODUCT_BUNDLE_IDENTIFIER = "com.phlourenco.uol-beer-app";
				PRODUCT_NAME = "$(TARGET_NAME)";
				SWIFT_VERSION = 4.2;
				TARGETED_DEVICE_FAMILY = "1,2";
			};
			name = Release;
		};
		4B0322A2225FF8140033D076 /* Debug */ = {
			isa = XCBuildConfiguration;
			baseConfigurationReference = 608470FFA8C92E8FC0BC7D64 /* Pods-uol-beer-appTests.debug.xcconfig */;
			buildSettings = {
				ALWAYS_EMBED_SWIFT_STANDARD_LIBRARIES = YES;
				BUNDLE_LOADER = "$(TEST_HOST)";
				CODE_SIGN_STYLE = Automatic;
				DEVELOPMENT_TEAM = W8W67XPP2J;
				INFOPLIST_FILE = "uol-beer-appTests/Info.plist";
				LD_RUNPATH_SEARCH_PATHS = (
					"$(inherited)",
					"@executable_path/Frameworks",
					"@loader_path/Frameworks",
				);
				PRODUCT_BUNDLE_IDENTIFIER = "com.phlourenco.uol-beer-appTests";
				PRODUCT_NAME = "$(TARGET_NAME)";
				SWIFT_VERSION = 4.2;
				TARGETED_DEVICE_FAMILY = "1,2";
				TEST_HOST = "$(BUILT_PRODUCTS_DIR)/uol-beer-app.app/uol-beer-app";
			};
			name = Debug;
		};
		4B0322A3225FF8140033D076 /* Release */ = {
			isa = XCBuildConfiguration;
			baseConfigurationReference = 47183577203F30D8D092C4B8 /* Pods-uol-beer-appTests.release.xcconfig */;
			buildSettings = {
				ALWAYS_EMBED_SWIFT_STANDARD_LIBRARIES = YES;
				BUNDLE_LOADER = "$(TEST_HOST)";
				CODE_SIGN_STYLE = Automatic;
				DEVELOPMENT_TEAM = W8W67XPP2J;
				INFOPLIST_FILE = "uol-beer-appTests/Info.plist";
				LD_RUNPATH_SEARCH_PATHS = (
					"$(inherited)",
					"@executable_path/Frameworks",
					"@loader_path/Frameworks",
				);
				PRODUCT_BUNDLE_IDENTIFIER = "com.phlourenco.uol-beer-appTests";
				PRODUCT_NAME = "$(TARGET_NAME)";
				SWIFT_VERSION = 4.2;
				TARGETED_DEVICE_FAMILY = "1,2";
				TEST_HOST = "$(BUILT_PRODUCTS_DIR)/uol-beer-app.app/uol-beer-app";
			};
			name = Release;
		};
/* End XCBuildConfiguration section */

/* Begin XCConfigurationList section */
		4B03227C225FF8130033D076 /* Build configuration list for PBXProject "uol-beer-app" */ = {
			isa = XCConfigurationList;
			buildConfigurations = (
				4B03229C225FF8140033D076 /* Debug */,
				4B03229D225FF8140033D076 /* Release */,
			);
			defaultConfigurationIsVisible = 0;
			defaultConfigurationName = Release;
		};
		4B03229E225FF8140033D076 /* Build configuration list for PBXNativeTarget "uol-beer-app" */ = {
			isa = XCConfigurationList;
			buildConfigurations = (
				4B03229F225FF8140033D076 /* Debug */,
				4B0322A0225FF8140033D076 /* Release */,
			);
			defaultConfigurationIsVisible = 0;
			defaultConfigurationName = Release;
		};
		4B0322A1225FF8140033D076 /* Build configuration list for PBXNativeTarget "uol-beer-appTests" */ = {
			isa = XCConfigurationList;
			buildConfigurations = (
				4B0322A2225FF8140033D076 /* Debug */,
				4B0322A3225FF8140033D076 /* Release */,
			);
			defaultConfigurationIsVisible = 0;
			defaultConfigurationName = Release;
		};
/* End XCConfigurationList section */
	};
	rootObject = 4B032279225FF8130033D076 /* Project object */;
}
